// !$*UTF8*$!
{
	archiveVersion = 1;
	classes = {
	};
	objectVersion = 50;
	objects = {

/* Begin PBXBuildFile section */
		E78EE68B267DFCE50009AA97 /* AppDelegate.swift in Sources */ = {isa = PBXBuildFile; fileRef = E78EE68A267DFCE50009AA97 /* AppDelegate.swift */; };
		E78EE68D267DFCE50009AA97 /* SceneDelegate.swift in Sources */ = {isa = PBXBuildFile; fileRef = E78EE68C267DFCE50009AA97 /* SceneDelegate.swift */; };
		E78EE68F267DFCE50009AA97 /* ViewController.swift in Sources */ = {isa = PBXBuildFile; fileRef = E78EE68E267DFCE50009AA97 /* ViewController.swift */; };
		E78EE692267DFCE50009AA97 /* Main.storyboard in Resources */ = {isa = PBXBuildFile; fileRef = E78EE690267DFCE50009AA97 /* Main.storyboard */; };
		E78EE694267DFCE70009AA97 /* Assets.xcassets in Resources */ = {isa = PBXBuildFile; fileRef = E78EE693267DFCE70009AA97 /* Assets.xcassets */; };
		E78EE697267DFCE70009AA97 /* LaunchScreen.storyboard in Resources */ = {isa = PBXBuildFile; fileRef = E78EE695267DFCE70009AA97 /* LaunchScreen.storyboard */; };
		E78EE6A2267DFCE70009AA97 /* QuizTests.swift in Sources */ = {isa = PBXBuildFile; fileRef = E78EE6A1267DFCE70009AA97 /* QuizTests.swift */; };
		E78EE6AD267DFCE70009AA97 /* QuizUITests.swift in Sources */ = {isa = PBXBuildFile; fileRef = E78EE6AC267DFCE70009AA97 /* QuizUITests.swift */; };
/* End PBXBuildFile section */

/* Begin PBXContainerItemProxy section */
		E78EE69E267DFCE70009AA97 /* PBXContainerItemProxy */ = {
			isa = PBXContainerItemProxy;
			containerPortal = E78EE67F267DFCE50009AA97 /* Project object */;
			proxyType = 1;
			remoteGlobalIDString = E78EE686267DFCE50009AA97;
			remoteInfo = Quiz;
		};
		E78EE6A9267DFCE70009AA97 /* PBXContainerItemProxy */ = {
			isa = PBXContainerItemProxy;
			containerPortal = E78EE67F267DFCE50009AA97 /* Project object */;
			proxyType = 1;
			remoteGlobalIDString = E78EE686267DFCE50009AA97;
			remoteInfo = Quiz;
		};
/* End PBXContainerItemProxy section */

/* Begin PBXFileReference section */
		E78EE687267DFCE50009AA97 /* Quiz.app */ = {isa = PBXFileReference; explicitFileType = wrapper.application; includeInIndex = 0; path = Quiz.app; sourceTree = BUILT_PRODUCTS_DIR; };
		E78EE68A267DFCE50009AA97 /* AppDelegate.swift */ = {isa = PBXFileReference; lastKnownFileType = sourcecode.swift; path = AppDelegate.swift; sourceTree = "<group>"; };
		E78EE68C267DFCE50009AA97 /* SceneDelegate.swift */ = {isa = PBXFileReference; lastKnownFileType = sourcecode.swift; path = SceneDelegate.swift; sourceTree = "<group>"; };
		E78EE68E267DFCE50009AA97 /* ViewController.swift */ = {isa = PBXFileReference; lastKnownFileType = sourcecode.swift; path = ViewController.swift; sourceTree = "<group>"; };
		E78EE691267DFCE50009AA97 /* Base */ = {isa = PBXFileReference; lastKnownFileType = file.storyboard; name = Base; path = Base.lproj/Main.storyboard; sourceTree = "<group>"; };
		E78EE693267DFCE70009AA97 /* Assets.xcassets */ = {isa = PBXFileReference; lastKnownFileType = folder.assetcatalog; path = Assets.xcassets; sourceTree = "<group>"; };
		E78EE696267DFCE70009AA97 /* Base */ = {isa = PBXFileReference; lastKnownFileType = file.storyboard; name = Base; path = Base.lproj/LaunchScreen.storyboard; sourceTree = "<group>"; };
		E78EE698267DFCE70009AA97 /* Info.plist */ = {isa = PBXFileReference; lastKnownFileType = text.plist.xml; path = Info.plist; sourceTree = "<group>"; };
		E78EE69D267DFCE70009AA97 /* QuizTests.xctest */ = {isa = PBXFileReference; explicitFileType = wrapper.cfbundle; includeInIndex = 0; path = QuizTests.xctest; sourceTree = BUILT_PRODUCTS_DIR; };
		E78EE6A1267DFCE70009AA97 /* QuizTests.swift */ = {isa = PBXFileReference; lastKnownFileType = sourcecode.swift; path = QuizTests.swift; sourceTree = "<group>"; };
		E78EE6A3267DFCE70009AA97 /* Info.plist */ = {isa = PBXFileReference; lastKnownFileType = text.plist.xml; path = Info.plist; sourceTree = "<group>"; };
		E78EE6A8267DFCE70009AA97 /* QuizUITests.xctest */ = {isa = PBXFileReference; explicitFileType = wrapper.cfbundle; includeInIndex = 0; path = QuizUITests.xctest; sourceTree = BUILT_PRODUCTS_DIR; };
		E78EE6AC267DFCE70009AA97 /* QuizUITests.swift */ = {isa = PBXFileReference; lastKnownFileType = sourcecode.swift; path = QuizUITests.swift; sourceTree = "<group>"; };
		E78EE6AE267DFCE70009AA97 /* Info.plist */ = {isa = PBXFileReference; lastKnownFileType = text.plist.xml; path = Info.plist; sourceTree = "<group>"; };
/* End PBXFileReference section */

/* Begin PBXFrameworksBuildPhase section */
		E78EE684267DFCE50009AA97 /* Frameworks */ = {
			isa = PBXFrameworksBuildPhase;
			buildActionMask = 2147483647;
			files = (
			);
			runOnlyForDeploymentPostprocessing = 0;
		};
		E78EE69A267DFCE70009AA97 /* Frameworks */ = {
			isa = PBXFrameworksBuildPhase;
			buildActionMask = 2147483647;
			files = (
			);
			runOnlyForDeploymentPostprocessing = 0;
		};
		E78EE6A5267DFCE70009AA97 /* Frameworks */ = {
			isa = PBXFrameworksBuildPhase;
			buildActionMask = 2147483647;
			files = (
			);
			runOnlyForDeploymentPostprocessing = 0;
		};
/* End PBXFrameworksBuildPhase section */

/* Begin PBXGroup section */
		E78EE67E267DFCE50009AA97 = {
			isa = PBXGroup;
			children = (
				E78EE689267DFCE50009AA97 /* Quiz */,
				E78EE6A0267DFCE70009AA97 /* QuizTests */,
				E78EE6AB267DFCE70009AA97 /* QuizUITests */,
				E78EE688267DFCE50009AA97 /* Products */,
			);
			sourceTree = "<group>";
		};
		E78EE688267DFCE50009AA97 /* Products */ = {
			isa = PBXGroup;
			children = (
				E78EE687267DFCE50009AA97 /* Quiz.app */,
				E78EE69D267DFCE70009AA97 /* QuizTests.xctest */,
				E78EE6A8267DFCE70009AA97 /* QuizUITests.xctest */,
			);
			name = Products;
			sourceTree = "<group>";
		};
		E78EE689267DFCE50009AA97 /* Quiz */ = {
			isa = PBXGroup;
			children = (
				E78EE68A267DFCE50009AA97 /* AppDelegate.swift */,
				E78EE68C267DFCE50009AA97 /* SceneDelegate.swift */,
				E78EE68E267DFCE50009AA97 /* ViewController.swift */,
				E78EE690267DFCE50009AA97 /* Main.storyboard */,
				E78EE693267DFCE70009AA97 /* Assets.xcassets */,
				E78EE695267DFCE70009AA97 /* LaunchScreen.storyboard */,
				E78EE698267DFCE70009AA97 /* Info.plist */,
			);
			path = Quiz;
			sourceTree = "<group>";
		};
		E78EE6A0267DFCE70009AA97 /* QuizTests */ = {
			isa = PBXGroup;
			children = (
				E78EE6A1267DFCE70009AA97 /* QuizTests.swift */,
				E78EE6A3267DFCE70009AA97 /* Info.plist */,
			);
			path = QuizTests;
			sourceTree = "<group>";
		};
		E78EE6AB267DFCE70009AA97 /* QuizUITests */ = {
			isa = PBXGroup;
			children = (
				E78EE6AC267DFCE70009AA97 /* QuizUITests.swift */,
				E78EE6AE267DFCE70009AA97 /* Info.plist */,
			);
			path = QuizUITests;
			sourceTree = "<group>";
		};
/* End PBXGroup section */

/* Begin PBXNativeTarget section */
		E78EE686267DFCE50009AA97 /* Quiz */ = {
			isa = PBXNativeTarget;
			buildConfigurationList = E78EE6B1267DFCE70009AA97 /* Build configuration list for PBXNativeTarget "Quiz" */;
			buildPhases = (
				E78EE683267DFCE50009AA97 /* Sources */,
				E78EE684267DFCE50009AA97 /* Frameworks */,
				E78EE685267DFCE50009AA97 /* Resources */,
			);
			buildRules = (
			);
			dependencies = (
			);
			name = Quiz;
			productName = Quiz;
			productReference = E78EE687267DFCE50009AA97 /* Quiz.app */;
			productType = "com.apple.product-type.application";
		};
		E78EE69C267DFCE70009AA97 /* QuizTests */ = {
			isa = PBXNativeTarget;
			buildConfigurationList = E78EE6B4267DFCE70009AA97 /* Build configuration list for PBXNativeTarget "QuizTests" */;
			buildPhases = (
				E78EE699267DFCE70009AA97 /* Sources */,
				E78EE69A267DFCE70009AA97 /* Frameworks */,
				E78EE69B267DFCE70009AA97 /* Resources */,
			);
			buildRules = (
			);
			dependencies = (
				E78EE69F267DFCE70009AA97 /* PBXTargetDependency */,
			);
			name = QuizTests;
			productName = QuizTests;
			productReference = E78EE69D267DFCE70009AA97 /* QuizTests.xctest */;
			productType = "com.apple.product-type.bundle.unit-test";
		};
		E78EE6A7267DFCE70009AA97 /* QuizUITests */ = {
			isa = PBXNativeTarget;
			buildConfigurationList = E78EE6B7267DFCE70009AA97 /* Build configuration list for PBXNativeTarget "QuizUITests" */;
			buildPhases = (
				E78EE6A4267DFCE70009AA97 /* Sources */,
				E78EE6A5267DFCE70009AA97 /* Frameworks */,
				E78EE6A6267DFCE70009AA97 /* Resources */,
			);
			buildRules = (
			);
			dependencies = (
				E78EE6AA267DFCE70009AA97 /* PBXTargetDependency */,
			);
			name = QuizUITests;
			productName = QuizUITests;
			productReference = E78EE6A8267DFCE70009AA97 /* QuizUITests.xctest */;
			productType = "com.apple.product-type.bundle.ui-testing";
		};
/* End PBXNativeTarget section */

/* Begin PBXProject section */
		E78EE67F267DFCE50009AA97 /* Project object */ = {
			isa = PBXProject;
			attributes = {
				LastSwiftUpdateCheck = 1250;
				LastUpgradeCheck = 1250;
				TargetAttributes = {
					E78EE686267DFCE50009AA97 = {
						CreatedOnToolsVersion = 12.5;
					};
					E78EE69C267DFCE70009AA97 = {
						CreatedOnToolsVersion = 12.5;
						TestTargetID = E78EE686267DFCE50009AA97;
					};
					E78EE6A7267DFCE70009AA97 = {
						CreatedOnToolsVersion = 12.5;
						TestTargetID = E78EE686267DFCE50009AA97;
					};
				};
			};
			buildConfigurationList = E78EE682267DFCE50009AA97 /* Build configuration list for PBXProject "Quiz" */;
			compatibilityVersion = "Xcode 9.3";
			developmentRegion = en;
			hasScannedForEncodings = 0;
			knownRegions = (
				en,
				Base,
			);
			mainGroup = E78EE67E267DFCE50009AA97;
			productRefGroup = E78EE688267DFCE50009AA97 /* Products */;
			projectDirPath = "";
			projectRoot = "";
			targets = (
				E78EE686267DFCE50009AA97 /* Quiz */,
				E78EE69C267DFCE70009AA97 /* QuizTests */,
				E78EE6A7267DFCE70009AA97 /* QuizUITests */,
			);
		};
/* End PBXProject section */

/* Begin PBXResourcesBuildPhase section */
		E78EE685267DFCE50009AA97 /* Resources */ = {
			isa = PBXResourcesBuildPhase;
			buildActionMask = 2147483647;
			files = (
				E78EE697267DFCE70009AA97 /* LaunchScreen.storyboard in Resources */,
				E78EE694267DFCE70009AA97 /* Assets.xcassets in Resources */,
				E78EE692267DFCE50009AA97 /* Main.storyboard in Resources */,
			);
			runOnlyForDeploymentPostprocessing = 0;
		};
		E78EE69B267DFCE70009AA97 /* Resources */ = {
			isa = PBXResourcesBuildPhase;
			buildActionMask = 2147483647;
			files = (
			);
			runOnlyForDeploymentPostprocessing = 0;
		};
		E78EE6A6267DFCE70009AA97 /* Resources */ = {
			isa = PBXResourcesBuildPhase;
			buildActionMask = 2147483647;
			files = (
			);
			runOnlyForDeploymentPostprocessing = 0;
		};
/* End PBXResourcesBuildPhase section */

/* Begin PBXSourcesBuildPhase section */
		E78EE683267DFCE50009AA97 /* Sources */ = {
			isa = PBXSourcesBuildPhase;
			buildActionMask = 2147483647;
			files = (
				E78EE68F267DFCE50009AA97 /* ViewController.swift in Sources */,
				E78EE68B267DFCE50009AA97 /* AppDelegate.swift in Sources */,
				E78EE68D267DFCE50009AA97 /* SceneDelegate.swift in Sources */,
			);
			runOnlyForDeploymentPostprocessing = 0;
		};
		E78EE699267DFCE70009AA97 /* Sources */ = {
			isa = PBXSourcesBuildPhase;
			buildActionMask = 2147483647;
			files = (
				E78EE6A2267DFCE70009AA97 /* QuizTests.swift in Sources */,
			);
			runOnlyForDeploymentPostprocessing = 0;
		};
		E78EE6A4267DFCE70009AA97 /* Sources */ = {
			isa = PBXSourcesBuildPhase;
			buildActionMask = 2147483647;
			files = (
				E78EE6AD267DFCE70009AA97 /* QuizUITests.swift in Sources */,
			);
			runOnlyForDeploymentPostprocessing = 0;
		};
/* End PBXSourcesBuildPhase section */

/* Begin PBXTargetDependency section */
		E78EE69F267DFCE70009AA97 /* PBXTargetDependency */ = {
			isa = PBXTargetDependency;
			target = E78EE686267DFCE50009AA97 /* Quiz */;
			targetProxy = E78EE69E267DFCE70009AA97 /* PBXContainerItemProxy */;
		};
		E78EE6AA267DFCE70009AA97 /* PBXTargetDependency */ = {
			isa = PBXTargetDependency;
			target = E78EE686267DFCE50009AA97 /* Quiz */;
			targetProxy = E78EE6A9267DFCE70009AA97 /* PBXContainerItemProxy */;
		};
/* End PBXTargetDependency section */

/* Begin PBXVariantGroup section */
		E78EE690267DFCE50009AA97 /* Main.storyboard */ = {
			isa = PBXVariantGroup;
			children = (
				E78EE691267DFCE50009AA97 /* Base */,
			);
			name = Main.storyboard;
			sourceTree = "<group>";
		};
		E78EE695267DFCE70009AA97 /* LaunchScreen.storyboard */ = {
			isa = PBXVariantGroup;
			children = (
				E78EE696267DFCE70009AA97 /* Base */,
			);
			name = LaunchScreen.storyboard;
			sourceTree = "<group>";
		};
/* End PBXVariantGroup section */

/* Begin XCBuildConfiguration section */
		E78EE6AF267DFCE70009AA97 /* Debug */ = {
			isa = XCBuildConfiguration;
			buildSettings = {
				ALWAYS_SEARCH_USER_PATHS = NO;
				CLANG_ANALYZER_NONNULL = YES;
				CLANG_ANALYZER_NUMBER_OBJECT_CONVERSION = YES_AGGRESSIVE;
				CLANG_CXX_LANGUAGE_STANDARD = "gnu++14";
				CLANG_CXX_LIBRARY = "libc++";
				CLANG_ENABLE_MODULES = YES;
				CLANG_ENABLE_OBJC_ARC = YES;
				CLANG_ENABLE_OBJC_WEAK = YES;
				CLANG_WARN_BLOCK_CAPTURE_AUTORELEASING = YES;
				CLANG_WARN_BOOL_CONVERSION = YES;
				CLANG_WARN_COMMA = YES;
				CLANG_WARN_CONSTANT_CONVERSION = YES;
				CLANG_WARN_DEPRECATED_OBJC_IMPLEMENTATIONS = YES;
				CLANG_WARN_DIRECT_OBJC_ISA_USAGE = YES_ERROR;
				CLANG_WARN_DOCUMENTATION_COMMENTS = YES;
				CLANG_WARN_EMPTY_BODY = YES;
				CLANG_WARN_ENUM_CONVERSION = YES;
				CLANG_WARN_INFINITE_RECURSION = YES;
				CLANG_WARN_INT_CONVERSION = YES;
				CLANG_WARN_NON_LITERAL_NULL_CONVERSION = YES;
				CLANG_WARN_OBJC_IMPLICIT_RETAIN_SELF = YES;
				CLANG_WARN_OBJC_LITERAL_CONVERSION = YES;
				CLANG_WARN_OBJC_ROOT_CLASS = YES_ERROR;
				CLANG_WARN_QUOTED_INCLUDE_IN_FRAMEWORK_HEADER = YES;
				CLANG_WARN_RANGE_LOOP_ANALYSIS = YES;
				CLANG_WARN_STRICT_PROTOTYPES = YES;
				CLANG_WARN_SUSPICIOUS_MOVE = YES;
				CLANG_WARN_UNGUARDED_AVAILABILITY = YES_AGGRESSIVE;
				CLANG_WARN_UNREACHABLE_CODE = YES;
				CLANG_WARN__DUPLICATE_METHOD_MATCH = YES;
				COPY_PHASE_STRIP = NO;
				DEBUG_INFORMATION_FORMAT = dwarf;
				ENABLE_STRICT_OBJC_MSGSEND = YES;
				ENABLE_TESTABILITY = YES;
				GCC_C_LANGUAGE_STANDARD = gnu11;
				GCC_DYNAMIC_NO_PIC = NO;
				GCC_NO_COMMON_BLOCKS = YES;
				GCC_OPTIMIZATION_LEVEL = 0;
				GCC_PREPROCESSOR_DEFINITIONS = (
					"DEBUG=1",
					"$(inherited)",
				);
				GCC_WARN_64_TO_32_BIT_CONVERSION = YES;
				GCC_WARN_ABOUT_RETURN_TYPE = YES_ERROR;
				GCC_WARN_UNDECLARED_SELECTOR = YES;
				GCC_WARN_UNINITIALIZED_AUTOS = YES_AGGRESSIVE;
				GCC_WARN_UNUSED_FUNCTION = YES;
				GCC_WARN_UNUSED_VARIABLE = YES;
				IPHONEOS_DEPLOYMENT_TARGET = 14.5;
				MTL_ENABLE_DEBUG_INFO = INCLUDE_SOURCE;
				MTL_FAST_MATH = YES;
				ONLY_ACTIVE_ARCH = YES;
				SDKROOT = iphoneos;
				SWIFT_ACTIVE_COMPILATION_CONDITIONS = DEBUG;
				SWIFT_OPTIMIZATION_LEVEL = "-Onone";
			};
			name = Debug;
		};
		E78EE6B0267DFCE70009AA97 /* Release */ = {
			isa = XCBuildConfiguration;
			buildSettings = {
				ALWAYS_SEARCH_USER_PATHS = NO;
				CLANG_ANALYZER_NONNULL = YES;
				CLANG_ANALYZER_NUMBER_OBJECT_CONVERSION = YES_AGGRESSIVE;
				CLANG_CXX_LANGUAGE_STANDARD = "gnu++14";
				CLANG_CXX_LIBRARY = "libc++";
				CLANG_ENABLE_MODULES = YES;
				CLANG_ENABLE_OBJC_ARC = YES;
				CLANG_ENABLE_OBJC_WEAK = YES;
				CLANG_WARN_BLOCK_CAPTURE_AUTORELEASING = YES;
				CLANG_WARN_BOOL_CONVERSION = YES;
				CLANG_WARN_COMMA = YES;
				CLANG_WARN_CONSTANT_CONVERSION = YES;
				CLANG_WARN_DEPRECATED_OBJC_IMPLEMENTATIONS = YES;
				CLANG_WARN_DIRECT_OBJC_ISA_USAGE = YES_ERROR;
				CLANG_WARN_DOCUMENTATION_COMMENTS = YES;
				CLANG_WARN_EMPTY_BODY = YES;
				CLANG_WARN_ENUM_CONVERSION = YES;
				CLANG_WARN_INFINITE_RECURSION = YES;
				CLANG_WARN_INT_CONVERSION = YES;
				CLANG_WARN_NON_LITERAL_NULL_CONVERSION = YES;
				CLANG_WARN_OBJC_IMPLICIT_RETAIN_SELF = YES;
				CLANG_WARN_OBJC_LITERAL_CONVERSION = YES;
				CLANG_WARN_OBJC_ROOT_CLASS = YES_ERROR;
				CLANG_WARN_QUOTED_INCLUDE_IN_FRAMEWORK_HEADER = YES;
				CLANG_WARN_RANGE_LOOP_ANALYSIS = YES;
				CLANG_WARN_STRICT_PROTOTYPES = YES;
				CLANG_WARN_SUSPICIOUS_MOVE = YES;
				CLANG_WARN_UNGUARDED_AVAILABILITY = YES_AGGRESSIVE;
				CLANG_WARN_UNREACHABLE_CODE = YES;
				CLANG_WARN__DUPLICATE_METHOD_MATCH = YES;
				COPY_PHASE_STRIP = NO;
				DEBUG_INFORMATION_FORMAT = "dwarf-with-dsym";
				ENABLE_NS_ASSERTIONS = NO;
				ENABLE_STRICT_OBJC_MSGSEND = YES;
				GCC_C_LANGUAGE_STANDARD = gnu11;
				GCC_NO_COMMON_BLOCKS = YES;
				GCC_WARN_64_TO_32_BIT_CONVERSION = YES;
				GCC_WARN_ABOUT_RETURN_TYPE = YES_ERROR;
				GCC_WARN_UNDECLARED_SELECTOR = YES;
				GCC_WARN_UNINITIALIZED_AUTOS = YES_AGGRESSIVE;
				GCC_WARN_UNUSED_FUNCTION = YES;
				GCC_WARN_UNUSED_VARIABLE = YES;
				IPHONEOS_DEPLOYMENT_TARGET = 14.5;
				MTL_ENABLE_DEBUG_INFO = NO;
				MTL_FAST_MATH = YES;
				SDKROOT = iphoneos;
				SWIFT_COMPILATION_MODE = wholemodule;
				SWIFT_OPTIMIZATION_LEVEL = "-O";
				VALIDATE_PRODUCT = YES;
			};
			name = Release;
		};
		E78EE6B2267DFCE70009AA97 /* Debug */ = {
			isa = XCBuildConfiguration;
			buildSettings = {
				ASSETCATALOG_COMPILER_APPICON_NAME = AppIcon;
				ASSETCATALOG_COMPILER_GLOBAL_ACCENT_COLOR_NAME = AccentColor;
				CODE_SIGN_STYLE = Automatic;
				DEVELOPMENT_TEAM = 84A763S5U4;
				INFOPLIST_FILE = Quiz/Info.plist;
				LD_RUNPATH_SEARCH_PATHS = (
					"$(inherited)",
					"@executable_path/Frameworks",
				);
				PRODUCT_BUNDLE_IDENTIFIER = jp.wings.apps.Quiz;
				PRODUCT_NAME = "$(TARGET_NAME)";
				SWIFT_VERSION = 5.0;
				TARGETED_DEVICE_FAMILY = "1,2";
			};
			name = Debug;
		};
		E78EE6B3267DFCE70009AA97 /* Release */ = {
			isa = XCBuildConfiguration;
			buildSettings = {
				ASSETCATALOG_COMPILER_APPICON_NAME = AppIcon;
				ASSETCATALOG_COMPILER_GLOBAL_ACCENT_COLOR_NAME = AccentColor;
				CODE_SIGN_STYLE = Automatic;
				DEVELOPMENT_TEAM = 84A763S5U4;
				INFOPLIST_FILE = Quiz/Info.plist;
				LD_RUNPATH_SEARCH_PATHS = (
					"$(inherited)",
					"@executable_path/Frameworks",
				);
				PRODUCT_BUNDLE_IDENTIFIER = jp.wings.apps.Quiz;
				PRODUCT_NAME = "$(TARGET_NAME)";
				SWIFT_VERSION = 5.0;
				TARGETED_DEVICE_FAMILY = "1,2";
			};
			name = Release;
		};
		E78EE6B5267DFCE70009AA97 /* Debug */ = {
			isa = XCBuildConfiguration;
			buildSettings = {
				ALWAYS_EMBED_SWIFT_STANDARD_LIBRARIES = YES;
				BUNDLE_LOADER = "$(TEST_HOST)";
				CODE_SIGN_STYLE = Automatic;
				DEVELOPMENT_TEAM = 84A763S5U4;
				INFOPLIST_FILE = QuizTests/Info.plist;
				IPHONEOS_DEPLOYMENT_TARGET = 14.5;
				LD_RUNPATH_SEARCH_PATHS = (
					"$(inherited)",
					"@executable_path/Frameworks",
					"@loader_path/Frameworks",
				);
				PRODUCT_BUNDLE_IDENTIFIER = jp.wings.apps.QuizTests;
				PRODUCT_NAME = "$(TARGET_NAME)";
				SWIFT_VERSION = 5.0;
				TARGETED_DEVICE_FAMILY = "1,2";
				TEST_HOST = "$(BUILT_PRODUCTS_DIR)/Quiz.app/Quiz";
			};
			name = Debug;
		};
		E78EE6B6267DFCE70009AA97 /* Release */ = {
			isa = XCBuildConfiguration;
			buildSettings = {
				ALWAYS_EMBED_SWIFT_STANDARD_LIBRARIES = YES;
				BUNDLE_LOADER = "$(TEST_HOST)";
				CODE_SIGN_STYLE = Automatic;
				DEVELOPMENT_TEAM = 84A763S5U4;
				INFOPLIST_FILE = QuizTests/Info.plist;
				IPHONEOS_DEPLOYMENT_TARGET = 14.5;
				LD_RUNPATH_SEARCH_PATHS = (
					"$(inherited)",
					"@executable_path/Frameworks",
					"@loader_path/Frameworks",
				);
				PRODUCT_BUNDLE_IDENTIFIER = jp.wings.apps.QuizTests;
				PRODUCT_NAME = "$(TARGET_NAME)";
				SWIFT_VERSION = 5.0;
				TARGETED_DEVICE_FAMILY = "1,2";
				TEST_HOST = "$(BUILT_PRODUCTS_DIR)/Quiz.app/Quiz";
			};
			name = Release;
		};
		E78EE6B8267DFCE70009AA97 /* Debug */ = {
			isa = XCBuildConfiguration;
			buildSettings = {
				ALWAYS_EMBED_SWIFT_STANDARD_LIBRARIES = YES;
				CODE_SIGN_STYLE = Automatic;
				DEVELOPMENT_TEAM = 84A763S5U4;
				INFOPLIST_FILE = QuizUITests/Info.plist;
				LD_RUNPATH_SEARCH_PATHS = (
					"$(inherited)",
					"@executable_path/Frameworks",
					"@loader_path/Frameworks",
				);
				PRODUCT_BUNDLE_IDENTIFIER = jp.wings.apps.QuizUITests;
				PRODUCT_NAME = "$(TARGET_NAME)";
				SWIFT_VERSION = 5.0;
				TARGETED_DEVICE_FAMILY = "1,2";
				TEST_TARGET_NAME = Quiz;
			};
			name = Debug;
		};
		E78EE6B9267DFCE70009AA97 /* Release */ = {
			isa = XCBuildConfiguration;
			buildSettings = {
				ALWAYS_EMBED_SWIFT_STANDARD_LIBRARIES = YES;
				CODE_SIGN_STYLE = Automatic;
				DEVELOPMENT_TEAM = 84A763S5U4;
				INFOPLIST_FILE = QuizUITests/Info.plist;
				LD_RUNPATH_SEARCH_PATHS = (
					"$(inherited)",
					"@executable_path/Frameworks",
					"@loader_path/Frameworks",
				);
				PRODUCT_BUNDLE_IDENTIFIER = jp.wings.apps.QuizUITests;
				PRODUCT_NAME = "$(TARGET_NAME)";
				SWIFT_VERSION = 5.0;
				TARGETED_DEVICE_FAMILY = "1,2";
				TEST_TARGET_NAME = Quiz;
			};
			name = Release;
		};
/* End XCBuildConfiguration section */

/* Begin XCConfigurationList section */
		E78EE682267DFCE50009AA97 /* Build configuration list for PBXProject "Quiz" */ = {
			isa = XCConfigurationList;
			buildConfigurations = (
				E78EE6AF267DFCE70009AA97 /* Debug */,
				E78EE6B0267DFCE70009AA97 /* Release */,
			);
			defaultConfigurationIsVisible = 0;
			defaultConfigurationName = Release;
		};
		E78EE6B1267DFCE70009AA97 /* Build configuration list for PBXNativeTarget "Quiz" */ = {
			isa = XCConfigurationList;
			buildConfigurations = (
				E78EE6B2267DFCE70009AA97 /* Debug */,
				E78EE6B3267DFCE70009AA97 /* Release */,
			);
			defaultConfigurationIsVisible = 0;
			defaultConfigurationName = Release;
		};
		E78EE6B4267DFCE70009AA97 /* Build configuration list for PBXNativeTarget "QuizTests" */ = {
			isa = XCConfigurationList;
			buildConfigurations = (
				E78EE6B5267DFCE70009AA97 /* Debug */,
				E78EE6B6267DFCE70009AA97 /* Release */,
			);
			defaultConfigurationIsVisible = 0;
			defaultConfigurationName = Release;
		};
		E78EE6B7267DFCE70009AA97 /* Build configuration list for PBXNativeTarget "QuizUITests" */ = {
			isa = XCConfigurationList;
			buildConfigurations = (
				E78EE6B8267DFCE70009AA97 /* Debug */,
				E78EE6B9267DFCE70009AA97 /* Release */,
			);
			defaultConfigurationIsVisible = 0;
			defaultConfigurationName = Release;
		};
/* End XCConfigurationList section */
	};
	rootObject = E78EE67F267DFCE50009AA97 /* Project object */;
}
